
Microsoft Visual Studio Solution File, Format Version 12.00
# Visual Studio Version 17
VisualStudioVersion = 17.5.002.0
MinimumVisualStudioVersion = 10.0.40219.1
Project("{9A19103F-16F7-4668-BE54-9A1E7A4F7556}") = "Parcial_II", "Parcial_II.csproj", "{2F65D4DB-2B00-45CE-BABF-D08A6D3EE42C}"
EndProject
Global
	GlobalSection(SolutionConfigurationPlatforms) = preSolution
		Debug|Any CPU = Debug|Any CPU
		Release|Any CPU = Release|Any CPU
	EndGlobalSection
	GlobalSection(ProjectConfigurationPlatforms) = postSolution
		{2F65D4DB-2B00-45CE-BABF-D08A6D3EE42C}.Debug|Any CPU.ActiveCfg = Debug|Any CPU
		{2F65D4DB-2B00-45CE-BABF-D08A6D3EE42C}.Debug|Any CPU.Build.0 = Debug|Any CPU
		{2F65D4DB-2B00-45CE-BABF-D08A6D3EE42C}.Release|Any CPU.ActiveCfg = Release|Any CPU
		{2F65D4DB-2B00-45CE-BABF-D08A6D3EE42C}.Release|Any CPU.Build.0 = Release|Any CPU
	EndGlobalSection
	GlobalSection(SolutionProperties) = preSolution
		HideSolutionNode = FALSE
	EndGlobalSection
	GlobalSection(ExtensibilityGlobals) = postSolution
		SolutionGuid = {1DF66CCA-DC8C-4FA0-9351-E3E5979FC6CD}
	EndGlobalSection
EndGlobal
