
Microsoft Visual Studio Solution File, Format Version 12.00
# Visual Studio Version 17
VisualStudioVersion = 17.5.002.0
MinimumVisualStudioVersion = 10.0.40219.1
Project("{9A19103F-16F7-4668-BE54-9A1E7A4F7556}") = "PrSemana7", "PrSemana7\PrSemana7.csproj", "{7E3593B3-7126-41D0-9685-C60773D24A4E}"
EndProject
Global
	GlobalSection(SolutionConfigurationPlatforms) = preSolution
		Debug|Any CPU = Debug|Any CPU
		Release|Any CPU = Release|Any CPU
	EndGlobalSection
	GlobalSection(ProjectConfigurationPlatforms) = postSolution
		{7E3593B3-7126-41D0-9685-C60773D24A4E}.Debug|Any CPU.ActiveCfg = Debug|Any CPU
		{7E3593B3-7126-41D0-9685-C60773D24A4E}.Debug|Any CPU.Build.0 = Debug|Any CPU
		{7E3593B3-7126-41D0-9685-C60773D24A4E}.Release|Any CPU.ActiveCfg = Release|Any CPU
		{7E3593B3-7126-41D0-9685-C60773D24A4E}.Release|Any CPU.Build.0 = Release|Any CPU
	EndGlobalSection
	GlobalSection(SolutionProperties) = preSolution
		HideSolutionNode = FALSE
	EndGlobalSection
	GlobalSection(ExtensibilityGlobals) = postSolution
		SolutionGuid = {822A2E36-7F1F-47BC-B319-C119366B44E0}
	EndGlobalSection
EndGlobal
