
Microsoft Visual Studio Solution File, Format Version 12.00
# Visual Studio Version 17
VisualStudioVersion = 17.5.002.0
MinimumVisualStudioVersion = 10.0.40219.1
Project("{9A19103F-16F7-4668-BE54-9A1E7A4F7556}") = "Semana13_Esdras_Santiago_1", "Semana13_Esdras_Santiago_1.csproj", "{BABE6683-D5E4-4B3A-A259-CE692E370367}"
EndProject
Global
	GlobalSection(SolutionConfigurationPlatforms) = preSolution
		Debug|Any CPU = Debug|Any CPU
		Release|Any CPU = Release|Any CPU
	EndGlobalSection
	GlobalSection(ProjectConfigurationPlatforms) = postSolution
		{BABE6683-D5E4-4B3A-A259-CE692E370367}.Debug|Any CPU.ActiveCfg = Debug|Any CPU
		{BABE6683-D5E4-4B3A-A259-CE692E370367}.Debug|Any CPU.Build.0 = Debug|Any CPU
		{BABE6683-D5E4-4B3A-A259-CE692E370367}.Release|Any CPU.ActiveCfg = Release|Any CPU
		{BABE6683-D5E4-4B3A-A259-CE692E370367}.Release|Any CPU.Build.0 = Release|Any CPU
	EndGlobalSection
	GlobalSection(SolutionProperties) = preSolution
		HideSolutionNode = FALSE
	EndGlobalSection
	GlobalSection(ExtensibilityGlobals) = postSolution
		SolutionGuid = {DDC0AA57-9AD5-439E-B2A0-3A44EEC6CE72}
	EndGlobalSection
EndGlobal
