
Microsoft Visual Studio Solution File, Format Version 12.00
# Visual Studio Version 17
VisualStudioVersion = 17.5.002.0
MinimumVisualStudioVersion = 10.0.40219.1
Project("{9A19103F-16F7-4668-BE54-9A1E7A4F7556}") = "solucion_catedratico", "solucion_catedratico.csproj", "{18DFE089-B733-4C66-96B0-9556E44D59C5}"
EndProject
Global
	GlobalSection(SolutionConfigurationPlatforms) = preSolution
		Debug|Any CPU = Debug|Any CPU
		Release|Any CPU = Release|Any CPU
	EndGlobalSection
	GlobalSection(ProjectConfigurationPlatforms) = postSolution
		{18DFE089-B733-4C66-96B0-9556E44D59C5}.Debug|Any CPU.ActiveCfg = Debug|Any CPU
		{18DFE089-B733-4C66-96B0-9556E44D59C5}.Debug|Any CPU.Build.0 = Debug|Any CPU
		{18DFE089-B733-4C66-96B0-9556E44D59C5}.Release|Any CPU.ActiveCfg = Release|Any CPU
		{18DFE089-B733-4C66-96B0-9556E44D59C5}.Release|Any CPU.Build.0 = Release|Any CPU
	EndGlobalSection
	GlobalSection(SolutionProperties) = preSolution
		HideSolutionNode = FALSE
	EndGlobalSection
	GlobalSection(ExtensibilityGlobals) = postSolution
		SolutionGuid = {0BB7A093-6ACC-453F-B848-5BA7CF31BFB3}
	EndGlobalSection
EndGlobal
